
Microsoft Visual Studio Solution File, Format Version 12.00
# Visual Studio Version 16
VisualStudioVersion = 16.0.29215.179
MinimumVisualStudioVersion = 10.0.40219.1
Project("{FAE04EC0-301F-11D3-BF4B-00C04F79EFBC}") = "PASSCloudMobileBot.UWP", "PASSCloudMobileBot\PASSCloudMobileBot.UWP\PASSCloudMobileBot.UWP.csproj", "{3B147636-F304-49FA-AE5A-5C5FAE661C00}"
EndProject
Project("{FAE04EC0-301F-11D3-BF4B-00C04F79EFBC}") = "PASSCloudMobileBot.Android", "PASSCloudMobileBot\PASSCloudMobileBot.Android\PASSCloudMobileBot.Android.csproj", "{6B550C31-C217-4389-9433-8F8A39EC511F}"
EndProject
Project("{FAE04EC0-301F-11D3-BF4B-00C04F79EFBC}") = "PASSCloudMobileBot.iOS", "PASSCloudMobileBot\PASSCloudMobileBot.iOS\PASSCloudMobileBot.iOS.csproj", "{7B9F4A84-472F-4593-8E72-6F215A85A043}"
EndProject
Project("{FAE04EC0-301F-11D3-BF4B-00C04F79EFBC}") = "PASSCloudMobileBot", "PASSCloudMobileBot\PASSCloudMobileBot\PASSCloudMobileBot.csproj", "{489EA987-8F4E-46BC-ADA7-1E83254CB415}"
EndProject
Global
	GlobalSection(SolutionConfigurationPlatforms) = preSolution
		Debug|Any CPU = Debug|Any CPU
		Debug|ARM = Debug|ARM
		Debug|iPhone = Debug|iPhone
		Debug|iPhoneSimulator = Debug|iPhoneSimulator
		Debug|x64 = Debug|x64
		Debug|x86 = Debug|x86
		Release|Any CPU = Release|Any CPU
		Release|ARM = Release|ARM
		Release|iPhone = Release|iPhone
		Release|iPhoneSimulator = Release|iPhoneSimulator
		Release|x64 = Release|x64
		Release|x86 = Release|x86
	EndGlobalSection
	GlobalSection(ProjectConfigurationPlatforms) = postSolution
		{3B147636-F304-49FA-AE5A-5C5FAE661C00}.Debug|Any CPU.ActiveCfg = Debug|x86
		{3B147636-F304-49FA-AE5A-5C5FAE661C00}.Debug|Any CPU.Build.0 = Debug|x86
		{3B147636-F304-49FA-AE5A-5C5FAE661C00}.Debug|Any CPU.Deploy.0 = Debug|x86
		{3B147636-F304-49FA-AE5A-5C5FAE661C00}.Debug|ARM.ActiveCfg = Debug|ARM
		{3B147636-F304-49FA-AE5A-5C5FAE661C00}.Debug|ARM.Build.0 = Debug|ARM
		{3B147636-F304-49FA-AE5A-5C5FAE661C00}.Debug|ARM.Deploy.0 = Debug|ARM
		{3B147636-F304-49FA-AE5A-5C5FAE661C00}.Debug|iPhone.ActiveCfg = Debug|x86
		{3B147636-F304-49FA-AE5A-5C5FAE661C00}.Debug|iPhone.Build.0 = Debug|x86
		{3B147636-F304-49FA-AE5A-5C5FAE661C00}.Debug|iPhone.Deploy.0 = Debug|x86
		{3B147636-F304-49FA-AE5A-5C5FAE661C00}.Debug|iPhoneSimulator.ActiveCfg = Debug|x86
		{3B147636-F304-49FA-AE5A-5C5FAE661C00}.Debug|iPhoneSimulator.Build.0 = Debug|x86
		{3B147636-F304-49FA-AE5A-5C5FAE661C00}.Debug|iPhoneSimulator.Deploy.0 = Debug|x86
		{3B147636-F304-49FA-AE5A-5C5FAE661C00}.Debug|x64.ActiveCfg = Debug|x64
		{3B147636-F304-49FA-AE5A-5C5FAE661C00}.Debug|x64.Build.0 = Debug|x64
		{3B147636-F304-49FA-AE5A-5C5FAE661C00}.Debug|x64.Deploy.0 = Debug|x64
		{3B147636-F304-49FA-AE5A-5C5FAE661C00}.Debug|x86.ActiveCfg = Debug|x86
		{3B147636-F304-49FA-AE5A-5C5FAE661C00}.Debug|x86.Build.0 = Debug|x86
		{3B147636-F304-49FA-AE5A-5C5FAE661C00}.Debug|x86.Deploy.0 = Debug|x86
		{3B147636-F304-49FA-AE5A-5C5FAE661C00}.Release|Any CPU.ActiveCfg = Release|x86
		{3B147636-F304-49FA-AE5A-5C5FAE661C00}.Release|Any CPU.Build.0 = Release|x86
		{3B147636-F304-49FA-AE5A-5C5FAE661C00}.Release|Any CPU.Deploy.0 = Release|x86
		{3B147636-F304-49FA-AE5A-5C5FAE661C00}.Release|ARM.ActiveCfg = Release|ARM
		{3B147636-F304-49FA-AE5A-5C5FAE661C00}.Release|ARM.Build.0 = Release|ARM
		{3B147636-F304-49FA-AE5A-5C5FAE661C00}.Release|ARM.Deploy.0 = Release|ARM
		{3B147636-F304-49FA-AE5A-5C5FAE661C00}.Release|iPhone.ActiveCfg = Release|x86
		{3B147636-F304-49FA-AE5A-5C5FAE661C00}.Release|iPhone.Build.0 = Release|x86
		{3B147636-F304-49FA-AE5A-5C5FAE661C00}.Release|iPhone.Deploy.0 = Release|x86
		{3B147636-F304-49FA-AE5A-5C5FAE661C00}.Release|iPhoneSimulator.ActiveCfg = Release|x86
		{3B147636-F304-49FA-AE5A-5C5FAE661C00}.Release|iPhoneSimulator.Build.0 = Release|x86
		{3B147636-F304-49FA-AE5A-5C5FAE661C00}.Release|iPhoneSimulator.Deploy.0 = Release|x86
		{3B147636-F304-49FA-AE5A-5C5FAE661C00}.Release|x64.ActiveCfg = Release|x64
		{3B147636-F304-49FA-AE5A-5C5FAE661C00}.Release|x64.Build.0 = Release|x64
		{3B147636-F304-49FA-AE5A-5C5FAE661C00}.Release|x64.Deploy.0 = Release|x64
		{3B147636-F304-49FA-AE5A-5C5FAE661C00}.Release|x86.ActiveCfg = Release|x86
		{3B147636-F304-49FA-AE5A-5C5FAE661C00}.Release|x86.Build.0 = Release|x86
		{3B147636-F304-49FA-AE5A-5C5FAE661C00}.Release|x86.Deploy.0 = Release|x86
		{6B550C31-C217-4389-9433-8F8A39EC511F}.Debug|Any CPU.ActiveCfg = Debug|Any CPU
		{6B550C31-C217-4389-9433-8F8A39EC511F}.Debug|Any CPU.Build.0 = Debug|Any CPU
		{6B550C31-C217-4389-9433-8F8A39EC511F}.Debug|Any CPU.Deploy.0 = Debug|Any CPU
		{6B550C31-C217-4389-9433-8F8A39EC511F}.Debug|ARM.ActiveCfg = Debug|Any CPU
		{6B550C31-C217-4389-9433-8F8A39EC511F}.Debug|ARM.Build.0 = Debug|Any CPU
		{6B550C31-C217-4389-9433-8F8A39EC511F}.Debug|ARM.Deploy.0 = Debug|Any CPU
		{6B550C31-C217-4389-9433-8F8A39EC511F}.Debug|iPhone.ActiveCfg = Debug|Any CPU
		{6B550C31-C217-4389-9433-8F8A39EC511F}.Debug|iPhone.Build.0 = Debug|Any CPU
		{6B550C31-C217-4389-9433-8F8A39EC511F}.Debug|iPhone.Deploy.0 = Debug|Any CPU
		{6B550C31-C217-4389-9433-8F8A39EC511F}.Debug|iPhoneSimulator.ActiveCfg = Debug|Any CPU
		{6B550C31-C217-4389-9433-8F8A39EC511F}.Debug|iPhoneSimulator.Build.0 = Debug|Any CPU
		{6B550C31-C217-4389-9433-8F8A39EC511F}.Debug|iPhoneSimulator.Deploy.0 = Debug|Any CPU
		{6B550C31-C217-4389-9433-8F8A39EC511F}.Debug|x64.ActiveCfg = Debug|Any CPU
		{6B550C31-C217-4389-9433-8F8A39EC511F}.Debug|x64.Build.0 = Debug|Any CPU
		{6B550C31-C217-4389-9433-8F8A39EC511F}.Debug|x64.Deploy.0 = Debug|Any CPU
		{6B550C31-C217-4389-9433-8F8A39EC511F}.Debug|x86.ActiveCfg = Debug|Any CPU
		{6B550C31-C217-4389-9433-8F8A39EC511F}.Debug|x86.Build.0 = Debug|Any CPU
		{6B550C31-C217-4389-9433-8F8A39EC511F}.Debug|x86.Deploy.0 = Debug|Any CPU
		{6B550C31-C217-4389-9433-8F8A39EC511F}.Release|Any CPU.ActiveCfg = Release|Any CPU
		{6B550C31-C217-4389-9433-8F8A39EC511F}.Release|Any CPU.Build.0 = Release|Any CPU
		{6B550C31-C217-4389-9433-8F8A39EC511F}.Release|Any CPU.Deploy.0 = Release|Any CPU
		{6B550C31-C217-4389-9433-8F8A39EC511F}.Release|ARM.ActiveCfg = Release|Any CPU
		{6B550C31-C217-4389-9433-8F8A39EC511F}.Release|ARM.Build.0 = Release|Any CPU
		{6B550C31-C217-4389-9433-8F8A39EC511F}.Release|ARM.Deploy.0 = Release|Any CPU
		{6B550C31-C217-4389-9433-8F8A39EC511F}.Release|iPhone.ActiveCfg = Release|Any CPU
		{6B550C31-C217-4389-9433-8F8A39EC511F}.Release|iPhone.Build.0 = Release|Any CPU
		{6B550C31-C217-4389-9433-8F8A39EC511F}.Release|iPhone.Deploy.0 = Release|Any CPU
		{6B550C31-C217-4389-9433-8F8A39EC511F}.Release|iPhoneSimulator.ActiveCfg = Release|Any CPU
		{6B550C31-C217-4389-9433-8F8A39EC511F}.Release|iPhoneSimulator.Build.0 = Release|Any CPU
		{6B550C31-C217-4389-9433-8F8A39EC511F}.Release|iPhoneSimulator.Deploy.0 = Release|Any CPU
		{6B550C31-C217-4389-9433-8F8A39EC511F}.Release|x64.ActiveCfg = Release|Any CPU
		{6B550C31-C217-4389-9433-8F8A39EC511F}.Release|x64.Build.0 = Release|Any CPU
		{6B550C31-C217-4389-9433-8F8A39EC511F}.Release|x64.Deploy.0 = Release|Any CPU
		{6B550C31-C217-4389-9433-8F8A39EC511F}.Release|x86.ActiveCfg = Release|Any CPU
		{6B550C31-C217-4389-9433-8F8A39EC511F}.Release|x86.Build.0 = Release|Any CPU
		{6B550C31-C217-4389-9433-8F8A39EC511F}.Release|x86.Deploy.0 = Release|Any CPU
		{7B9F4A84-472F-4593-8E72-6F215A85A043}.Debug|Any CPU.ActiveCfg = Debug|iPhone
		{7B9F4A84-472F-4593-8E72-6F215A85A043}.Debug|Any CPU.Build.0 = Debug|iPhone
		{7B9F4A84-472F-4593-8E72-6F215A85A043}.Debug|Any CPU.Deploy.0 = Debug|iPhone
		{7B9F4A84-472F-4593-8E72-6F215A85A043}.Debug|ARM.ActiveCfg = Debug|iPhoneSimulator
		{7B9F4A84-472F-4593-8E72-6F215A85A043}.Debug|ARM.Build.0 = Debug|iPhoneSimulator
		{7B9F4A84-472F-4593-8E72-6F215A85A043}.Debug|ARM.Deploy.0 = Debug|iPhoneSimulator
		{7B9F4A84-472F-4593-8E72-6F215A85A043}.Debug|iPhone.ActiveCfg = Debug|iPhone
		{7B9F4A84-472F-4593-8E72-6F215A85A043}.Debug|iPhone.Build.0 = Debug|iPhone
		{7B9F4A84-472F-4593-8E72-6F215A85A043}.Debug|iPhone.Deploy.0 = Debug|iPhone
		{7B9F4A84-472F-4593-8E72-6F215A85A043}.Debug|iPhoneSimulator.ActiveCfg = Debug|iPhoneSimulator
		{7B9F4A84-472F-4593-8E72-6F215A85A043}.Debug|iPhoneSimulator.Build.0 = Debug|iPhoneSimulator
		{7B9F4A84-472F-4593-8E72-6F215A85A043}.Debug|iPhoneSimulator.Deploy.0 = Debug|iPhoneSimulator
		{7B9F4A84-472F-4593-8E72-6F215A85A043}.Debug|x64.ActiveCfg = Debug|iPhone
		{7B9F4A84-472F-4593-8E72-6F215A85A043}.Debug|x64.Build.0 = Debug|iPhone
		{7B9F4A84-472F-4593-8E72-6F215A85A043}.Debug|x64.Deploy.0 = Debug|iPhone
		{7B9F4A84-472F-4593-8E72-6F215A85A043}.Debug|x86.ActiveCfg = Debug|iPhone
		{7B9F4A84-472F-4593-8E72-6F215A85A043}.Debug|x86.Build.0 = Debug|iPhone
		{7B9F4A84-472F-4593-8E72-6F215A85A043}.Debug|x86.Deploy.0 = Debug|iPhone
		{7B9F4A84-472F-4593-8E72-6F215A85A043}.Release|Any CPU.ActiveCfg = Release|iPhone
		{7B9F4A84-472F-4593-8E72-6F215A85A043}.Release|Any CPU.Build.0 = Release|iPhone
		{7B9F4A84-472F-4593-8E72-6F215A85A043}.Release|Any CPU.Deploy.0 = Release|iPhone
		{7B9F4A84-472F-4593-8E72-6F215A85A043}.Release|ARM.ActiveCfg = Release|iPhone
		{7B9F4A84-472F-4593-8E72-6F215A85A043}.Release|ARM.Build.0 = Release|iPhone
		{7B9F4A84-472F-4593-8E72-6F215A85A043}.Release|ARM.Deploy.0 = Release|iPhone
		{7B9F4A84-472F-4593-8E72-6F215A85A043}.Release|iPhone.ActiveCfg = Release|iPhone
		{7B9F4A84-472F-4593-8E72-6F215A85A043}.Release|iPhone.Build.0 = Release|iPhone
		{7B9F4A84-472F-4593-8E72-6F215A85A043}.Release|iPhone.Deploy.0 = Release|iPhone
		{7B9F4A84-472F-4593-8E72-6F215A85A043}.Release|iPhoneSimulator.ActiveCfg = Release|iPhoneSimulator
		{7B9F4A84-472F-4593-8E72-6F215A85A043}.Release|iPhoneSimulator.Build.0 = Release|iPhoneSimulator
		{7B9F4A84-472F-4593-8E72-6F215A85A043}.Release|iPhoneSimulator.Deploy.0 = Release|iPhoneSimulator
		{7B9F4A84-472F-4593-8E72-6F215A85A043}.Release|x64.ActiveCfg = Release|iPhone
		{7B9F4A84-472F-4593-8E72-6F215A85A043}.Release|x64.Build.0 = Release|iPhone
		{7B9F4A84-472F-4593-8E72-6F215A85A043}.Release|x64.Deploy.0 = Release|iPhone
		{7B9F4A84-472F-4593-8E72-6F215A85A043}.Release|x86.ActiveCfg = Release|iPhone
		{7B9F4A84-472F-4593-8E72-6F215A85A043}.Release|x86.Build.0 = Release|iPhone
		{7B9F4A84-472F-4593-8E72-6F215A85A043}.Release|x86.Deploy.0 = Release|iPhone
		{489EA987-8F4E-46BC-ADA7-1E83254CB415}.Debug|Any CPU.ActiveCfg = Debug|Any CPU
		{489EA987-8F4E-46BC-ADA7-1E83254CB415}.Debug|Any CPU.Build.0 = Debug|Any CPU
		{489EA987-8F4E-46BC-ADA7-1E83254CB415}.Debug|Any CPU.Deploy.0 = Debug|Any CPU
		{489EA987-8F4E-46BC-ADA7-1E83254CB415}.Debug|ARM.ActiveCfg = Debug|Any CPU
		{489EA987-8F4E-46BC-ADA7-1E83254CB415}.Debug|ARM.Build.0 = Debug|Any CPU
		{489EA987-8F4E-46BC-ADA7-1E83254CB415}.Debug|ARM.Deploy.0 = Debug|Any CPU
		{489EA987-8F4E-46BC-ADA7-1E83254CB415}.Debug|iPhone.ActiveCfg = Debug|Any CPU
		{489EA987-8F4E-46BC-ADA7-1E83254CB415}.Debug|iPhone.Build.0 = Debug|Any CPU
		{489EA987-8F4E-46BC-ADA7-1E83254CB415}.Debug|iPhone.Deploy.0 = Debug|Any CPU
		{489EA987-8F4E-46BC-ADA7-1E83254CB415}.Debug|iPhoneSimulator.ActiveCfg = Debug|Any CPU
		{489EA987-8F4E-46BC-ADA7-1E83254CB415}.Debug|iPhoneSimulator.Build.0 = Debug|Any CPU
		{489EA987-8F4E-46BC-ADA7-1E83254CB415}.Debug|iPhoneSimulator.Deploy.0 = Debug|Any CPU
		{489EA987-8F4E-46BC-ADA7-1E83254CB415}.Debug|x64.ActiveCfg = Debug|Any CPU
		{489EA987-8F4E-46BC-ADA7-1E83254CB415}.Debug|x64.Build.0 = Debug|Any CPU
		{489EA987-8F4E-46BC-ADA7-1E83254CB415}.Debug|x64.Deploy.0 = Debug|Any CPU
		{489EA987-8F4E-46BC-ADA7-1E83254CB415}.Debug|x86.ActiveCfg = Debug|Any CPU
		{489EA987-8F4E-46BC-ADA7-1E83254CB415}.Debug|x86.Build.0 = Debug|Any CPU
		{489EA987-8F4E-46BC-ADA7-1E83254CB415}.Debug|x86.Deploy.0 = Debug|Any CPU
		{489EA987-8F4E-46BC-ADA7-1E83254CB415}.Release|Any CPU.ActiveCfg = Release|Any CPU
		{489EA987-8F4E-46BC-ADA7-1E83254CB415}.Release|Any CPU.Build.0 = Release|Any CPU
		{489EA987-8F4E-46BC-ADA7-1E83254CB415}.Release|Any CPU.Deploy.0 = Release|Any CPU
		{489EA987-8F4E-46BC-ADA7-1E83254CB415}.Release|ARM.ActiveCfg = Release|Any CPU
		{489EA987-8F4E-46BC-ADA7-1E83254CB415}.Release|ARM.Build.0 = Release|Any CPU
		{489EA987-8F4E-46BC-ADA7-1E83254CB415}.Release|ARM.Deploy.0 = Release|Any CPU
		{489EA987-8F4E-46BC-ADA7-1E83254CB415}.Release|iPhone.ActiveCfg = Release|Any CPU
		{489EA987-8F4E-46BC-ADA7-1E83254CB415}.Release|iPhone.Build.0 = Release|Any CPU
		{489EA987-8F4E-46BC-ADA7-1E83254CB415}.Release|iPhone.Deploy.0 = Release|Any CPU
		{489EA987-8F4E-46BC-ADA7-1E83254CB415}.Release|iPhoneSimulator.ActiveCfg = Release|Any CPU
		{489EA987-8F4E-46BC-ADA7-1E83254CB415}.Release|iPhoneSimulator.Build.0 = Release|Any CPU
		{489EA987-8F4E-46BC-ADA7-1E83254CB415}.Release|iPhoneSimulator.Deploy.0 = Release|Any CPU
		{489EA987-8F4E-46BC-ADA7-1E83254CB415}.Release|x64.ActiveCfg = Release|Any CPU
		{489EA987-8F4E-46BC-ADA7-1E83254CB415}.Release|x64.Build.0 = Release|Any CPU
		{489EA987-8F4E-46BC-ADA7-1E83254CB415}.Release|x64.Deploy.0 = Release|Any CPU
		{489EA987-8F4E-46BC-ADA7-1E83254CB415}.Release|x86.ActiveCfg = Release|Any CPU
		{489EA987-8F4E-46BC-ADA7-1E83254CB415}.Release|x86.Build.0 = Release|Any CPU
		{489EA987-8F4E-46BC-ADA7-1E83254CB415}.Release|x86.Deploy.0 = Release|Any CPU
	EndGlobalSection
	GlobalSection(SolutionProperties) = preSolution
		HideSolutionNode = FALSE
	EndGlobalSection
	GlobalSection(ExtensibilityGlobals) = postSolution
		SolutionGuid = {A50FC493-FEAD-40C2-8D46-CC7BFBA3DCD3}
	EndGlobalSection
EndGlobal
